
Microsoft Visual Studio Solution File, Format Version 12.00
# Visual Studio 15
VisualStudioVersion = 15.0.28307.271
MinimumVisualStudioVersion = 10.0.40219.1
Project("{FAE04EC0-301F-11D3-BF4B-00C04F79EFBC}") = "CodeBackup", "CodeBackup\CodeBackup.csproj", "{A677B399-BC9B-4E1A-8963-E8E0D534E5C4}"
EndProject
Project("{FAE04EC0-301F-11D3-BF4B-00C04F79EFBC}") = "FilesRename", "FilesRename\FilesRename.csproj", "{C9AF3673-A39E-4A4F-A499-5FEEC1C41135}"
EndProject
Project("{FAE04EC0-301F-11D3-BF4B-00C04F79EFBC}") = "Levenshtein", "Levenshtein\Levenshtein.csproj", "{197CDFF9-1E43-4B81-9AD0-9F99572FB318}"
EndProject
Project("{FAE04EC0-301F-11D3-BF4B-00C04F79EFBC}") = "2048", "My2048\2048.csproj", "{A7AC81E2-1A8D-4392-8AA1-80968490EBE7}"
EndProject
Global
	GlobalSection(SolutionConfigurationPlatforms) = preSolution
		Debug|Any CPU = Debug|Any CPU
		Release|Any CPU = Release|Any CPU
	EndGlobalSection
	GlobalSection(ProjectConfigurationPlatforms) = postSolution
		{A677B399-BC9B-4E1A-8963-E8E0D534E5C4}.Debug|Any CPU.ActiveCfg = Debug|Any CPU
		{A677B399-BC9B-4E1A-8963-E8E0D534E5C4}.Debug|Any CPU.Build.0 = Debug|Any CPU
		{A677B399-BC9B-4E1A-8963-E8E0D534E5C4}.Release|Any CPU.ActiveCfg = Release|Any CPU
		{A677B399-BC9B-4E1A-8963-E8E0D534E5C4}.Release|Any CPU.Build.0 = Release|Any CPU
		{C9AF3673-A39E-4A4F-A499-5FEEC1C41135}.Debug|Any CPU.ActiveCfg = Debug|Any CPU
		{C9AF3673-A39E-4A4F-A499-5FEEC1C41135}.Debug|Any CPU.Build.0 = Debug|Any CPU
		{C9AF3673-A39E-4A4F-A499-5FEEC1C41135}.Release|Any CPU.ActiveCfg = Release|Any CPU
		{C9AF3673-A39E-4A4F-A499-5FEEC1C41135}.Release|Any CPU.Build.0 = Release|Any CPU
		{197CDFF9-1E43-4B81-9AD0-9F99572FB318}.Debug|Any CPU.ActiveCfg = Debug|Any CPU
		{197CDFF9-1E43-4B81-9AD0-9F99572FB318}.Debug|Any CPU.Build.0 = Debug|Any CPU
		{197CDFF9-1E43-4B81-9AD0-9F99572FB318}.Release|Any CPU.ActiveCfg = Release|Any CPU
		{197CDFF9-1E43-4B81-9AD0-9F99572FB318}.Release|Any CPU.Build.0 = Release|Any CPU
		{A7AC81E2-1A8D-4392-8AA1-80968490EBE7}.Debug|Any CPU.ActiveCfg = Debug|Any CPU
		{A7AC81E2-1A8D-4392-8AA1-80968490EBE7}.Debug|Any CPU.Build.0 = Debug|Any CPU
		{A7AC81E2-1A8D-4392-8AA1-80968490EBE7}.Release|Any CPU.ActiveCfg = Release|Any CPU
		{A7AC81E2-1A8D-4392-8AA1-80968490EBE7}.Release|Any CPU.Build.0 = Release|Any CPU
	EndGlobalSection
	GlobalSection(SolutionProperties) = preSolution
		HideSolutionNode = FALSE
	EndGlobalSection
	GlobalSection(ExtensibilityGlobals) = postSolution
		SolutionGuid = {1054C8C5-D322-4B54-B33C-06736F2A8022}
	EndGlobalSection
EndGlobal
